// !$*UTF8*$!
{
	archiveVersion = 1;
	classes = {
	};
	objectVersion = 56;
	objects = {

/* Begin PBXBuildFile section */
		1AAFFDF42A2FC24000366396 /* CALEFitnessApp.swift in Sources */ = {isa = PBXBuildFile; fileRef = 1AAFFDF32A2FC24000366396 /* CALEFitnessApp.swift */; };
		1AAFFDF62A2FC24000366396 /* ContentView.swift in Sources */ = {isa = PBXBuildFile; fileRef = 1AAFFDF52A2FC24000366396 /* ContentView.swift */; };
		1AAFFDF82A2FC24100366396 /* Assets.xcassets in Resources */ = {isa = PBXBuildFile; fileRef = 1AAFFDF72A2FC24100366396 /* Assets.xcassets */; };
		1AAFFDFB2A2FC24100366396 /* Preview Assets.xcassets in Resources */ = {isa = PBXBuildFile; fileRef = 1AAFFDFA2A2FC24100366396 /* Preview Assets.xcassets */; };
		1AAFFE052A2FC24100366396 /* CALEFitnessTests.swift in Sources */ = {isa = PBXBuildFile; fileRef = 1AAFFE042A2FC24100366396 /* CALEFitnessTests.swift */; };
		1AAFFE0F2A2FC24100366396 /* CALEFitnessUITests.swift in Sources */ = {isa = PBXBuildFile; fileRef = 1AAFFE0E2A2FC24100366396 /* CALEFitnessUITests.swift */; };
		1AAFFE112A2FC24100366396 /* CALEFitnessUITestsLaunchTests.swift in Sources */ = {isa = PBXBuildFile; fileRef = 1AAFFE102A2FC24100366396 /* CALEFitnessUITestsLaunchTests.swift */; };
/* End PBXBuildFile section */

/* Begin PBXContainerItemProxy section */
		1AAFFE012A2FC24100366396 /* PBXContainerItemProxy */ = {
			isa = PBXContainerItemProxy;
			containerPortal = 1AAFFDE82A2FC24000366396 /* Project object */;
			proxyType = 1;
			remoteGlobalIDString = 1AAFFDEF2A2FC24000366396;
			remoteInfo = CALEFitness;
		};
		1AAFFE0B2A2FC24100366396 /* PBXContainerItemProxy */ = {
			isa = PBXContainerItemProxy;
			containerPortal = 1AAFFDE82A2FC24000366396 /* Project object */;
			proxyType = 1;
			remoteGlobalIDString = 1AAFFDEF2A2FC24000366396;
			remoteInfo = CALEFitness;
		};
/* End PBXContainerItemProxy section */

/* Begin PBXFileReference section */
		1AAFFDF02A2FC24000366396 /* CALEFitness.app */ = {isa = PBXFileReference; explicitFileType = wrapper.application; includeInIndex = 0; path = CALEFitness.app; sourceTree = BUILT_PRODUCTS_DIR; };
		1AAFFDF32A2FC24000366396 /* CALEFitnessApp.swift */ = {isa = PBXFileReference; lastKnownFileType = sourcecode.swift; path = CALEFitnessApp.swift; sourceTree = "<group>"; };
		1AAFFDF52A2FC24000366396 /* ContentView.swift */ = {isa = PBXFileReference; lastKnownFileType = sourcecode.swift; path = ContentView.swift; sourceTree = "<group>"; };
		1AAFFDF72A2FC24100366396 /* Assets.xcassets */ = {isa = PBXFileReference; lastKnownFileType = folder.assetcatalog; path = Assets.xcassets; sourceTree = "<group>"; };
		1AAFFDFA2A2FC24100366396 /* Preview Assets.xcassets */ = {isa = PBXFileReference; lastKnownFileType = folder.assetcatalog; path = "Preview Assets.xcassets"; sourceTree = "<group>"; };
		1AAFFE002A2FC24100366396 /* CALEFitnessTests.xctest */ = {isa = PBXFileReference; explicitFileType = wrapper.cfbundle; includeInIndex = 0; path = CALEFitnessTests.xctest; sourceTree = BUILT_PRODUCTS_DIR; };
		1AAFFE042A2FC24100366396 /* CALEFitnessTests.swift */ = {isa = PBXFileReference; lastKnownFileType = sourcecode.swift; path = CALEFitnessTests.swift; sourceTree = "<group>"; };
		1AAFFE0A2A2FC24100366396 /* CALEFitnessUITests.xctest */ = {isa = PBXFileReference; explicitFileType = wrapper.cfbundle; includeInIndex = 0; path = CALEFitnessUITests.xctest; sourceTree = BUILT_PRODUCTS_DIR; };
		1AAFFE0E2A2FC24100366396 /* CALEFitnessUITests.swift */ = {isa = PBXFileReference; lastKnownFileType = sourcecode.swift; path = CALEFitnessUITests.swift; sourceTree = "<group>"; };
		1AAFFE102A2FC24100366396 /* CALEFitnessUITestsLaunchTests.swift */ = {isa = PBXFileReference; lastKnownFileType = sourcecode.swift; path = CALEFitnessUITestsLaunchTests.swift; sourceTree = "<group>"; };
/* End PBXFileReference section */

/* Begin PBXFrameworksBuildPhase section */
		1AAFFDED2A2FC24000366396 /* Frameworks */ = {
			isa = PBXFrameworksBuildPhase;
			buildActionMask = 2147483647;
			files = (
			);
			runOnlyForDeploymentPostprocessing = 0;
		};
		1AAFFDFD2A2FC24100366396 /* Frameworks */ = {
			isa = PBXFrameworksBuildPhase;
			buildActionMask = 2147483647;
			files = (
			);
			runOnlyForDeploymentPostprocessing = 0;
		};
		1AAFFE072A2FC24100366396 /* Frameworks */ = {
			isa = PBXFrameworksBuildPhase;
			buildActionMask = 2147483647;
			files = (
			);
			runOnlyForDeploymentPostprocessing = 0;
		};
/* End PBXFrameworksBuildPhase section */

/* Begin PBXGroup section */
		1AAFFDE72A2FC24000366396 = {
			isa = PBXGroup;
			children = (
				1AAFFDF22A2FC24000366396 /* CALEFitness */,
				1AAFFE032A2FC24100366396 /* CALEFitnessTests */,
				1AAFFE0D2A2FC24100366396 /* CALEFitnessUITests */,
				1AAFFDF12A2FC24000366396 /* Products */,
			);
			sourceTree = "<group>";
		};
		1AAFFDF12A2FC24000366396 /* Products */ = {
			isa = PBXGroup;
			children = (
				1AAFFDF02A2FC24000366396 /* CALEFitness.app */,
				1AAFFE002A2FC24100366396 /* CALEFitnessTests.xctest */,
				1AAFFE0A2A2FC24100366396 /* CALEFitnessUITests.xctest */,
			);
			name = Products;
			sourceTree = "<group>";
		};
		1AAFFDF22A2FC24000366396 /* CALEFitness */ = {
			isa = PBXGroup;
			children = (
				1AAFFDF32A2FC24000366396 /* CALEFitnessApp.swift */,
				1AAFFDF52A2FC24000366396 /* ContentView.swift */,
				1AAFFDF72A2FC24100366396 /* Assets.xcassets */,
				1AAFFDF92A2FC24100366396 /* Preview Content */,
			);
			path = CALEFitness;
			sourceTree = "<group>";
		};
		1AAFFDF92A2FC24100366396 /* Preview Content */ = {
			isa = PBXGroup;
			children = (
				1AAFFDFA2A2FC24100366396 /* Preview Assets.xcassets */,
			);
			path = "Preview Content";
			sourceTree = "<group>";
		};
		1AAFFE032A2FC24100366396 /* CALEFitnessTests */ = {
			isa = PBXGroup;
			children = (
				1AAFFE042A2FC24100366396 /* CALEFitnessTests.swift */,
			);
			path = CALEFitnessTests;
			sourceTree = "<group>";
		};
		1AAFFE0D2A2FC24100366396 /* CALEFitnessUITests */ = {
			isa = PBXGroup;
			children = (
				1AAFFE0E2A2FC24100366396 /* CALEFitnessUITests.swift */,
				1AAFFE102A2FC24100366396 /* CALEFitnessUITestsLaunchTests.swift */,
			);
			path = CALEFitnessUITests;
			sourceTree = "<group>";
		};
/* End PBXGroup section */

/* Begin PBXNativeTarget section */
		1AAFFDEF2A2FC24000366396 /* CALEFitness */ = {
			isa = PBXNativeTarget;
			buildConfigurationList = 1AAFFE142A2FC24100366396 /* Build configuration list for PBXNativeTarget "CALEFitness" */;
			buildPhases = (
				1AAFFDEC2A2FC24000366396 /* Sources */,
				1AAFFDED2A2FC24000366396 /* Frameworks */,
				1AAFFDEE2A2FC24000366396 /* Resources */,
			);
			buildRules = (
			);
			dependencies = (
			);
			name = CALEFitness;
			productName = CALEFitness;
			productReference = 1AAFFDF02A2FC24000366396 /* CALEFitness.app */;
			productType = "com.apple.product-type.application";
		};
		1AAFFDFF2A2FC24100366396 /* CALEFitnessTests */ = {
			isa = PBXNativeTarget;
			buildConfigurationList = 1AAFFE172A2FC24100366396 /* Build configuration list for PBXNativeTarget "CALEFitnessTests" */;
			buildPhases = (
				1AAFFDFC2A2FC24100366396 /* Sources */,
				1AAFFDFD2A2FC24100366396 /* Frameworks */,
				1AAFFDFE2A2FC24100366396 /* Resources */,
			);
			buildRules = (
			);
			dependencies = (
				1AAFFE022A2FC24100366396 /* PBXTargetDependency */,
			);
			name = CALEFitnessTests;
			productName = CALEFitnessTests;
			productReference = 1AAFFE002A2FC24100366396 /* CALEFitnessTests.xctest */;
			productType = "com.apple.product-type.bundle.unit-test";
		};
		1AAFFE092A2FC24100366396 /* CALEFitnessUITests */ = {
			isa = PBXNativeTarget;
			buildConfigurationList = 1AAFFE1A2A2FC24100366396 /* Build configuration list for PBXNativeTarget "CALEFitnessUITests" */;
			buildPhases = (
				1AAFFE062A2FC24100366396 /* Sources */,
				1AAFFE072A2FC24100366396 /* Frameworks */,
				1AAFFE082A2FC24100366396 /* Resources */,
			);
			buildRules = (
			);
			dependencies = (
				1AAFFE0C2A2FC24100366396 /* PBXTargetDependency */,
			);
			name = CALEFitnessUITests;
			productName = CALEFitnessUITests;
			productReference = 1AAFFE0A2A2FC24100366396 /* CALEFitnessUITests.xctest */;
			productType = "com.apple.product-type.bundle.ui-testing";
		};
/* End PBXNativeTarget section */

/* Begin PBXProject section */
		1AAFFDE82A2FC24000366396 /* Project object */ = {
			isa = PBXProject;
			attributes = {
				BuildIndependentTargetsInParallel = 1;
				LastSwiftUpdateCheck = 1430;
				LastUpgradeCheck = 1430;
				TargetAttributes = {
					1AAFFDEF2A2FC24000366396 = {
						CreatedOnToolsVersion = 14.3;
					};
					1AAFFDFF2A2FC24100366396 = {
						CreatedOnToolsVersion = 14.3;
						TestTargetID = 1AAFFDEF2A2FC24000366396;
					};
					1AAFFE092A2FC24100366396 = {
						CreatedOnToolsVersion = 14.3;
						TestTargetID = 1AAFFDEF2A2FC24000366396;
					};
				};
			};
			buildConfigurationList = 1AAFFDEB2A2FC24000366396 /* Build configuration list for PBXProject "CALEFitness" */;
			compatibilityVersion = "Xcode 14.0";
			developmentRegion = en;
			hasScannedForEncodings = 0;
			knownRegions = (
				en,
				Base,
			);
			mainGroup = 1AAFFDE72A2FC24000366396;
			productRefGroup = 1AAFFDF12A2FC24000366396 /* Products */;
			projectDirPath = "";
			projectRoot = "";
			targets = (
				1AAFFDEF2A2FC24000366396 /* CALEFitness */,
				1AAFFDFF2A2FC24100366396 /* CALEFitnessTests */,
				1AAFFE092A2FC24100366396 /* CALEFitnessUITests */,
			);
		};
/* End PBXProject section */

/* Begin PBXResourcesBuildPhase section */
		1AAFFDEE2A2FC24000366396 /* Resources */ = {
			isa = PBXResourcesBuildPhase;
			buildActionMask = 2147483647;
			files = (
				1AAFFDFB2A2FC24100366396 /* Preview Assets.xcassets in Resources */,
				1AAFFDF82A2FC24100366396 /* Assets.xcassets in Resources */,
			);
			runOnlyForDeploymentPostprocessing = 0;
		};
		1AAFFDFE2A2FC24100366396 /* Resources */ = {
			isa = PBXResourcesBuildPhase;
			buildActionMask = 2147483647;
			files = (
			);
			runOnlyForDeploymentPostprocessing = 0;
		};
		1AAFFE082A2FC24100366396 /* Resources */ = {
			isa = PBXResourcesBuildPhase;
			buildActionMask = 2147483647;
			files = (
			);
			runOnlyForDeploymentPostprocessing = 0;
		};
/* End PBXResourcesBuildPhase section */

/* Begin PBXSourcesBuildPhase section */
		1AAFFDEC2A2FC24000366396 /* Sources */ = {
			isa = PBXSourcesBuildPhase;
			buildActionMask = 2147483647;
			files = (
				1AAFFDF62A2FC24000366396 /* ContentView.swift in Sources */,
				1AAFFDF42A2FC24000366396 /* CALEFitnessApp.swift in Sources */,
			);
			runOnlyForDeploymentPostprocessing = 0;
		};
		1AAFFDFC2A2FC24100366396 /* Sources */ = {
			isa = PBXSourcesBuildPhase;
			buildActionMask = 2147483647;
			files = (
				1AAFFE052A2FC24100366396 /* CALEFitnessTests.swift in Sources */,
			);
			runOnlyForDeploymentPostprocessing = 0;
		};
		1AAFFE062A2FC24100366396 /* Sources */ = {
			isa = PBXSourcesBuildPhase;
			buildActionMask = 2147483647;
			files = (
				1AAFFE112A2FC24100366396 /* CALEFitnessUITestsLaunchTests.swift in Sources */,
				1AAFFE0F2A2FC24100366396 /* CALEFitnessUITests.swift in Sources */,
			);
			runOnlyForDeploymentPostprocessing = 0;
		};
/* End PBXSourcesBuildPhase section */

/* Begin PBXTargetDependency section */
		1AAFFE022A2FC24100366396 /* PBXTargetDependency */ = {
			isa = PBXTargetDependency;
			target = 1AAFFDEF2A2FC24000366396 /* CALEFitness */;
			targetProxy = 1AAFFE012A2FC24100366396 /* PBXContainerItemProxy */;
		};
		1AAFFE0C2A2FC24100366396 /* PBXTargetDependency */ = {
			isa = PBXTargetDependency;
			target = 1AAFFDEF2A2FC24000366396 /* CALEFitness */;
			targetProxy = 1AAFFE0B2A2FC24100366396 /* PBXContainerItemProxy */;
		};
/* End PBXTargetDependency section */

/* Begin XCBuildConfiguration section */
		1AAFFE122A2FC24100366396 /* Debug */ = {
			isa = XCBuildConfiguration;
			buildSettings = {
				ALWAYS_SEARCH_USER_PATHS = NO;
				CLANG_ANALYZER_NONNULL = YES;
				CLANG_ANALYZER_NUMBER_OBJECT_CONVERSION = YES_AGGRESSIVE;
				CLANG_CXX_LANGUAGE_STANDARD = "gnu++20";
				CLANG_ENABLE_MODULES = YES;
				CLANG_ENABLE_OBJC_ARC = YES;
				CLANG_ENABLE_OBJC_WEAK = YES;
				CLANG_WARN_BLOCK_CAPTURE_AUTORELEASING = YES;
				CLANG_WARN_BOOL_CONVERSION = YES;
				CLANG_WARN_COMMA = YES;
				CLANG_WARN_CONSTANT_CONVERSION = YES;
				CLANG_WARN_DEPRECATED_OBJC_IMPLEMENTATIONS = YES;
				CLANG_WARN_DIRECT_OBJC_ISA_USAGE = YES_ERROR;
				CLANG_WARN_DOCUMENTATION_COMMENTS = YES;
				CLANG_WARN_EMPTY_BODY = YES;
				CLANG_WARN_ENUM_CONVERSION = YES;
				CLANG_WARN_INFINITE_RECURSION = YES;
				CLANG_WARN_INT_CONVERSION = YES;
				CLANG_WARN_NON_LITERAL_NULL_CONVERSION = YES;
				CLANG_WARN_OBJC_IMPLICIT_RETAIN_SELF = YES;
				CLANG_WARN_OBJC_LITERAL_CONVERSION = YES;
				CLANG_WARN_OBJC_ROOT_CLASS = YES_ERROR;
				CLANG_WARN_QUOTED_INCLUDE_IN_FRAMEWORK_HEADER = YES;
				CLANG_WARN_RANGE_LOOP_ANALYSIS = YES;
				CLANG_WARN_STRICT_PROTOTYPES = YES;
				CLANG_WARN_SUSPICIOUS_MOVE = YES;
				CLANG_WARN_UNGUARDED_AVAILABILITY = YES_AGGRESSIVE;
				CLANG_WARN_UNREACHABLE_CODE = YES;
				CLANG_WARN__DUPLICATE_METHOD_MATCH = YES;
				COPY_PHASE_STRIP = NO;
				DEBUG_INFORMATION_FORMAT = dwarf;
				ENABLE_STRICT_OBJC_MSGSEND = YES;
				ENABLE_TESTABILITY = YES;
				GCC_C_LANGUAGE_STANDARD = gnu11;
				GCC_DYNAMIC_NO_PIC = NO;
				GCC_NO_COMMON_BLOCKS = YES;
				GCC_OPTIMIZATION_LEVEL = 0;
				GCC_PREPROCESSOR_DEFINITIONS = (
					"DEBUG=1",
					"$(inherited)",
				);
				GCC_WARN_64_TO_32_BIT_CONVERSION = YES;
				GCC_WARN_ABOUT_RETURN_TYPE = YES_ERROR;
				GCC_WARN_UNDECLARED_SELECTOR = YES;
				GCC_WARN_UNINITIALIZED_AUTOS = YES_AGGRESSIVE;
				GCC_WARN_UNUSED_FUNCTION = YES;
				GCC_WARN_UNUSED_VARIABLE = YES;
				IPHONEOS_DEPLOYMENT_TARGET = 16.4;
				MTL_ENABLE_DEBUG_INFO = INCLUDE_SOURCE;
				MTL_FAST_MATH = YES;
				ONLY_ACTIVE_ARCH = YES;
				SDKROOT = iphoneos;
				SWIFT_ACTIVE_COMPILATION_CONDITIONS = DEBUG;
				SWIFT_OPTIMIZATION_LEVEL = "-Onone";
			};
			name = Debug;
		};
		1AAFFE132A2FC24100366396 /* Release */ = {
			isa = XCBuildConfiguration;
			buildSettings = {
				ALWAYS_SEARCH_USER_PATHS = NO;
				CLANG_ANALYZER_NONNULL = YES;
				CLANG_ANALYZER_NUMBER_OBJECT_CONVERSION = YES_AGGRESSIVE;
				CLANG_CXX_LANGUAGE_STANDARD = "gnu++20";
				CLANG_ENABLE_MODULES = YES;
				CLANG_ENABLE_OBJC_ARC = YES;
				CLANG_ENABLE_OBJC_WEAK = YES;
				CLANG_WARN_BLOCK_CAPTURE_AUTORELEASING = YES;
				CLANG_WARN_BOOL_CONVERSION = YES;
				CLANG_WARN_COMMA = YES;
				CLANG_WARN_CONSTANT_CONVERSION = YES;
				CLANG_WARN_DEPRECATED_OBJC_IMPLEMENTATIONS = YES;
				CLANG_WARN_DIRECT_OBJC_ISA_USAGE = YES_ERROR;
				CLANG_WARN_DOCUMENTATION_COMMENTS = YES;
				CLANG_WARN_EMPTY_BODY = YES;
				CLANG_WARN_ENUM_CONVERSION = YES;
				CLANG_WARN_INFINITE_RECURSION = YES;
				CLANG_WARN_INT_CONVERSION = YES;
				CLANG_WARN_NON_LITERAL_NULL_CONVERSION = YES;
				CLANG_WARN_OBJC_IMPLICIT_RETAIN_SELF = YES;
				CLANG_WARN_OBJC_LITERAL_CONVERSION = YES;
				CLANG_WARN_OBJC_ROOT_CLASS = YES_ERROR;
				CLANG_WARN_QUOTED_INCLUDE_IN_FRAMEWORK_HEADER = YES;
				CLANG_WARN_RANGE_LOOP_ANALYSIS = YES;
				CLANG_WARN_STRICT_PROTOTYPES = YES;
				CLANG_WARN_SUSPICIOUS_MOVE = YES;
				CLANG_WARN_UNGUARDED_AVAILABILITY = YES_AGGRESSIVE;
				CLANG_WARN_UNREACHABLE_CODE = YES;
				CLANG_WARN__DUPLICATE_METHOD_MATCH = YES;
				COPY_PHASE_STRIP = NO;
				DEBUG_INFORMATION_FORMAT = "dwarf-with-dsym";
				ENABLE_NS_ASSERTIONS = NO;
				ENABLE_STRICT_OBJC_MSGSEND = YES;
				GCC_C_LANGUAGE_STANDARD = gnu11;
				GCC_NO_COMMON_BLOCKS = YES;
				GCC_WARN_64_TO_32_BIT_CONVERSION = YES;
				GCC_WARN_ABOUT_RETURN_TYPE = YES_ERROR;
				GCC_WARN_UNDECLARED_SELECTOR = YES;
				GCC_WARN_UNINITIALIZED_AUTOS = YES_AGGRESSIVE;
				GCC_WARN_UNUSED_FUNCTION = YES;
				GCC_WARN_UNUSED_VARIABLE = YES;
				IPHONEOS_DEPLOYMENT_TARGET = 16.4;
				MTL_ENABLE_DEBUG_INFO = NO;
				MTL_FAST_MATH = YES;
				SDKROOT = iphoneos;
				SWIFT_COMPILATION_MODE = wholemodule;
				SWIFT_OPTIMIZATION_LEVEL = "-O";
				VALIDATE_PRODUCT = YES;
			};
			name = Release;
		};
		1AAFFE152A2FC24100366396 /* Debug */ = {
			isa = XCBuildConfiguration;
			buildSettings = {
				ASSETCATALOG_COMPILER_APPICON_NAME = AppIcon;
				ASSETCATALOG_COMPILER_GLOBAL_ACCENT_COLOR_NAME = AccentColor;
				CODE_SIGN_STYLE = Automatic;
				CURRENT_PROJECT_VERSION = 1;
				DEVELOPMENT_ASSET_PATHS = "\"CALEFitness/Preview Content\"";
				ENABLE_PREVIEWS = YES;
				GENERATE_INFOPLIST_FILE = YES;
				INFOPLIST_KEY_UIApplicationSceneManifest_Generation = YES;
				INFOPLIST_KEY_UIApplicationSupportsIndirectInputEvents = YES;
				INFOPLIST_KEY_UILaunchScreen_Generation = YES;
				INFOPLIST_KEY_UISupportedInterfaceOrientations_iPad = "UIInterfaceOrientationPortrait UIInterfaceOrientationPortraitUpsideDown UIInterfaceOrientationLandscapeLeft UIInterfaceOrientationLandscapeRight";
				INFOPLIST_KEY_UISupportedInterfaceOrientations_iPhone = "UIInterfaceOrientationPortrait UIInterfaceOrientationLandscapeLeft UIInterfaceOrientationLandscapeRight";
				LD_RUNPATH_SEARCH_PATHS = (
					"$(inherited)",
					"@executable_path/Frameworks",
				);
				MARKETING_VERSION = 1.0;
				PRODUCT_BUNDLE_IDENTIFIER = CrederaApp.CALEFitness;
				PRODUCT_NAME = "$(TARGET_NAME)";
				SWIFT_EMIT_LOC_STRINGS = YES;
				SWIFT_VERSION = 5.0;
				TARGETED_DEVICE_FAMILY = "1,2";
			};
			name = Debug;
		};
		1AAFFE162A2FC24100366396 /* Release */ = {
			isa = XCBuildConfiguration;
			buildSettings = {
				ASSETCATALOG_COMPILER_APPICON_NAME = AppIcon;
				ASSETCATALOG_COMPILER_GLOBAL_ACCENT_COLOR_NAME = AccentColor;
				CODE_SIGN_STYLE = Automatic;
				CURRENT_PROJECT_VERSION = 1;
				DEVELOPMENT_ASSET_PATHS = "\"CALEFitness/Preview Content\"";
				ENABLE_PREVIEWS = YES;
				GENERATE_INFOPLIST_FILE = YES;
				INFOPLIST_KEY_UIApplicationSceneManifest_Generation = YES;
				INFOPLIST_KEY_UIApplicationSupportsIndirectInputEvents = YES;
				INFOPLIST_KEY_UILaunchScreen_Generation = YES;
				INFOPLIST_KEY_UISupportedInterfaceOrientations_iPad = "UIInterfaceOrientationPortrait UIInterfaceOrientationPortraitUpsideDown UIInterfaceOrientationLandscapeLeft UIInterfaceOrientationLandscapeRight";
				INFOPLIST_KEY_UISupportedInterfaceOrientations_iPhone = "UIInterfaceOrientationPortrait UIInterfaceOrientationLandscapeLeft UIInterfaceOrientationLandscapeRight";
				LD_RUNPATH_SEARCH_PATHS = (
					"$(inherited)",
					"@executable_path/Frameworks",
				);
				MARKETING_VERSION = 1.0;
				PRODUCT_BUNDLE_IDENTIFIER = CrederaApp.CALEFitness;
				PRODUCT_NAME = "$(TARGET_NAME)";
				SWIFT_EMIT_LOC_STRINGS = YES;
				SWIFT_VERSION = 5.0;
				TARGETED_DEVICE_FAMILY = "1,2";
			};
			name = Release;
		};
		1AAFFE182A2FC24100366396 /* Debug */ = {
			isa = XCBuildConfiguration;
			buildSettings = {
				ALWAYS_EMBED_SWIFT_STANDARD_LIBRARIES = YES;
				BUNDLE_LOADER = "$(TEST_HOST)";
				CODE_SIGN_STYLE = Automatic;
				CURRENT_PROJECT_VERSION = 1;
				GENERATE_INFOPLIST_FILE = YES;
				IPHONEOS_DEPLOYMENT_TARGET = 16.4;
				MARKETING_VERSION = 1.0;
				PRODUCT_BUNDLE_IDENTIFIER = CrederaApp.CALEFitnessTests;
				PRODUCT_NAME = "$(TARGET_NAME)";
				SWIFT_EMIT_LOC_STRINGS = NO;
				SWIFT_VERSION = 5.0;
				TARGETED_DEVICE_FAMILY = "1,2";
				TEST_HOST = "$(BUILT_PRODUCTS_DIR)/CALEFitness.app/$(BUNDLE_EXECUTABLE_FOLDER_PATH)/CALEFitness";
			};
			name = Debug;
		};
		1AAFFE192A2FC24100366396 /* Release */ = {
			isa = XCBuildConfiguration;
			buildSettings = {
				ALWAYS_EMBED_SWIFT_STANDARD_LIBRARIES = YES;
				BUNDLE_LOADER = "$(TEST_HOST)";
				CODE_SIGN_STYLE = Automatic;
				CURRENT_PROJECT_VERSION = 1;
				GENERATE_INFOPLIST_FILE = YES;
				IPHONEOS_DEPLOYMENT_TARGET = 16.4;
				MARKETING_VERSION = 1.0;
				PRODUCT_BUNDLE_IDENTIFIER = CrederaApp.CALEFitnessTests;
				PRODUCT_NAME = "$(TARGET_NAME)";
				SWIFT_EMIT_LOC_STRINGS = NO;
				SWIFT_VERSION = 5.0;
				TARGETED_DEVICE_FAMILY = "1,2";
				TEST_HOST = "$(BUILT_PRODUCTS_DIR)/CALEFitness.app/$(BUNDLE_EXECUTABLE_FOLDER_PATH)/CALEFitness";
			};
			name = Release;
		};
		1AAFFE1B2A2FC24100366396 /* Debug */ = {
			isa = XCBuildConfiguration;
			buildSettings = {
				ALWAYS_EMBED_SWIFT_STANDARD_LIBRARIES = YES;
				CODE_SIGN_STYLE = Automatic;
				CURRENT_PROJECT_VERSION = 1;
				GENERATE_INFOPLIST_FILE = YES;
				MARKETING_VERSION = 1.0;
				PRODUCT_BUNDLE_IDENTIFIER = CrederaApp.CALEFitnessUITests;
				PRODUCT_NAME = "$(TARGET_NAME)";
				SWIFT_EMIT_LOC_STRINGS = NO;
				SWIFT_VERSION = 5.0;
				TARGETED_DEVICE_FAMILY = "1,2";
				TEST_TARGET_NAME = CALEFitness;
			};
			name = Debug;
		};
		1AAFFE1C2A2FC24100366396 /* Release */ = {
			isa = XCBuildConfiguration;
			buildSettings = {
				ALWAYS_EMBED_SWIFT_STANDARD_LIBRARIES = YES;
				CODE_SIGN_STYLE = Automatic;
				CURRENT_PROJECT_VERSION = 1;
				GENERATE_INFOPLIST_FILE = YES;
				MARKETING_VERSION = 1.0;
				PRODUCT_BUNDLE_IDENTIFIER = CrederaApp.CALEFitnessUITests;
				PRODUCT_NAME = "$(TARGET_NAME)";
				SWIFT_EMIT_LOC_STRINGS = NO;
				SWIFT_VERSION = 5.0;
				TARGETED_DEVICE_FAMILY = "1,2";
				TEST_TARGET_NAME = CALEFitness;
			};
			name = Release;
		};
/* End XCBuildConfiguration section */

/* Begin XCConfigurationList section */
		1AAFFDEB2A2FC24000366396 /* Build configuration list for PBXProject "CALEFitness" */ = {
			isa = XCConfigurationList;
			buildConfigurations = (
				1AAFFE122A2FC24100366396 /* Debug */,
				1AAFFE132A2FC24100366396 /* Release */,
			);
			defaultConfigurationIsVisible = 0;
			defaultConfigurationName = Release;
		};
		1AAFFE142A2FC24100366396 /* Build configuration list for PBXNativeTarget "CALEFitness" */ = {
			isa = XCConfigurationList;
			buildConfigurations = (
				1AAFFE152A2FC24100366396 /* Debug */,
				1AAFFE162A2FC24100366396 /* Release */,
			);
			defaultConfigurationIsVisible = 0;
			defaultConfigurationName = Release;
		};
		1AAFFE172A2FC24100366396 /* Build configuration list for PBXNativeTarget "CALEFitnessTests" */ = {
			isa = XCConfigurationList;
			buildConfigurations = (
				1AAFFE182A2FC24100366396 /* Debug */,
				1AAFFE192A2FC24100366396 /* Release */,
			);
			defaultConfigurationIsVisible = 0;
			defaultConfigurationName = Release;
		};
		1AAFFE1A2A2FC24100366396 /* Build configuration list for PBXNativeTarget "CALEFitnessUITests" */ = {
			isa = XCConfigurationList;
			buildConfigurations = (
				1AAFFE1B2A2FC24100366396 /* Debug */,
				1AAFFE1C2A2FC24100366396 /* Release */,
			);
			defaultConfigurationIsVisible = 0;
			defaultConfigurationName = Release;
		};
/* End XCConfigurationList section */
	};
	rootObject = 1AAFFDE82A2FC24000366396 /* Project object */;
}
